
Microsoft Visual Studio Solution File, Format Version 12.00
# Visual Studio Version 16
VisualStudioVersion = 16.0.30804.86
MinimumVisualStudioVersion = 10.0.40219.1
Project("{FAE04EC0-301F-11D3-BF4B-00C04F79EFBC}") = "laptopmanagementshop", "laptopmanagementshop.csproj", "{02D2E2B7-BFD1-41C4-AAC0-D0AA53041D13}"
EndProject
Global
	GlobalSection(SolutionConfigurationPlatforms) = preSolution
		Debug|Any CPU = Debug|Any CPU
		Release|Any CPU = Release|Any CPU
	EndGlobalSection
	GlobalSection(ProjectConfigurationPlatforms) = postSolution
		{02D2E2B7-BFD1-41C4-AAC0-D0AA53041D13}.Debug|Any CPU.ActiveCfg = Debug|Any CPU
		{02D2E2B7-BFD1-41C4-AAC0-D0AA53041D13}.Debug|Any CPU.Build.0 = Debug|Any CPU
		{02D2E2B7-BFD1-41C4-AAC0-D0AA53041D13}.Release|Any CPU.ActiveCfg = Release|Any CPU
		{02D2E2B7-BFD1-41C4-AAC0-D0AA53041D13}.Release|Any CPU.Build.0 = Release|Any CPU
	EndGlobalSection
	GlobalSection(SolutionProperties) = preSolution
		HideSolutionNode = FALSE
	EndGlobalSection
	GlobalSection(ExtensibilityGlobals) = postSolution
		SolutionGuid = {FF34D570-DE1E-4411-868E-A3B801D655E2}
	EndGlobalSection
EndGlobal
